
Microsoft Visual Studio Solution File, Format Version 12.00
# Visual Studio Version 17
VisualStudioVersion = 17.13.35825.156
MinimumVisualStudioVersion = 10.0.40219.1
Project("{FAE04EC0-301F-11D3-BF4B-00C04F79EFBC}") = "Vocabuly", "Vocabuly\Vocabuly.csproj", "{D1A3FDDA-D6C0-402F-B50E-FF0D8A68682C}"
EndProject
Project("{FAE04EC0-301F-11D3-BF4B-00C04F79EFBC}") = "Variables", "Variables\Variables.csproj", "{1FE9CE17-0424-44B2-9780-B91219F48C53}"
EndProject
Project("{FAE04EC0-301F-11D3-BF4B-00C04F79EFBC}") = "Formatting", "Formatting\Formatting.csproj", "{063C5C3D-154F-4892-9061-B146A928417A}"
EndProject
Global
	GlobalSection(SolutionConfigurationPlatforms) = preSolution
		Debug|Any CPU = Debug|Any CPU
		Release|Any CPU = Release|Any CPU
	EndGlobalSection
	GlobalSection(ProjectConfigurationPlatforms) = postSolution
		{D1A3FDDA-D6C0-402F-B50E-FF0D8A68682C}.Debug|Any CPU.ActiveCfg = Debug|Any CPU
		{D1A3FDDA-D6C0-402F-B50E-FF0D8A68682C}.Debug|Any CPU.Build.0 = Debug|Any CPU
		{D1A3FDDA-D6C0-402F-B50E-FF0D8A68682C}.Release|Any CPU.ActiveCfg = Release|Any CPU
		{D1A3FDDA-D6C0-402F-B50E-FF0D8A68682C}.Release|Any CPU.Build.0 = Release|Any CPU
		{1FE9CE17-0424-44B2-9780-B91219F48C53}.Debug|Any CPU.ActiveCfg = Debug|Any CPU
		{1FE9CE17-0424-44B2-9780-B91219F48C53}.Debug|Any CPU.Build.0 = Debug|Any CPU
		{1FE9CE17-0424-44B2-9780-B91219F48C53}.Release|Any CPU.ActiveCfg = Release|Any CPU
		{1FE9CE17-0424-44B2-9780-B91219F48C53}.Release|Any CPU.Build.0 = Release|Any CPU
		{063C5C3D-154F-4892-9061-B146A928417A}.Debug|Any CPU.ActiveCfg = Debug|Any CPU
		{063C5C3D-154F-4892-9061-B146A928417A}.Debug|Any CPU.Build.0 = Debug|Any CPU
		{063C5C3D-154F-4892-9061-B146A928417A}.Release|Any CPU.ActiveCfg = Release|Any CPU
		{063C5C3D-154F-4892-9061-B146A928417A}.Release|Any CPU.Build.0 = Release|Any CPU
	EndGlobalSection
	GlobalSection(SolutionProperties) = preSolution
		HideSolutionNode = FALSE
	EndGlobalSection
	GlobalSection(ExtensibilityGlobals) = postSolution
		SolutionGuid = {22AC87DF-6A88-41FE-876E-DFE73D0C0552}
	EndGlobalSection
EndGlobal
